
Microsoft Visual Studio Solution File, Format Version 12.00
# Visual Studio Version 17
VisualStudioVersion = 17.9.34723.18
MinimumVisualStudioVersion = 10.0.40219.1
Project("{FAE04EC0-301F-11D3-BF4B-00C04F79EFBC}") = "WebApplication1", "WebApplication1\WebApplication1.csproj", "{B865875D-3719-431F-A34B-C37D6D430DBB}"
EndProject
Global
	GlobalSection(SolutionConfigurationPlatforms) = preSolution
		Debug|Any CPU = Debug|Any CPU
		Release|Any CPU = Release|Any CPU
	EndGlobalSection
	GlobalSection(ProjectConfigurationPlatforms) = postSolution
		{B865875D-3719-431F-A34B-C37D6D430DBB}.Debug|Any CPU.ActiveCfg = Debug|Any CPU
		{B865875D-3719-431F-A34B-C37D6D430DBB}.Debug|Any CPU.Build.0 = Debug|Any CPU
		{B865875D-3719-431F-A34B-C37D6D430DBB}.Release|Any CPU.ActiveCfg = Release|Any CPU
		{B865875D-3719-431F-A34B-C37D6D430DBB}.Release|Any CPU.Build.0 = Release|Any CPU
	EndGlobalSection
	GlobalSection(SolutionProperties) = preSolution
		HideSolutionNode = FALSE
	EndGlobalSection
	GlobalSection(ExtensibilityGlobals) = postSolution
		SolutionGuid = {1789A103-07CA-4B50-9743-1E75400F0D05}
	EndGlobalSection
EndGlobal
